
Microsoft Visual Studio Solution File, Format Version 12.00
# Visual Studio 15
VisualStudioVersion = 15.0.28307.572
MinimumVisualStudioVersion = 10.0.40219.1
Project("{FAE04EC0-301F-11D3-BF4B-00C04F79EFBC}") = "CourseWork", "CourseWork\CourseWork.csproj", "{30E86F4A-4E40-45DD-A774-CD6F9A3786DD}"
EndProject
Project("{FAE04EC0-301F-11D3-BF4B-00C04F79EFBC}") = "DAL", "DAL\DAL.csproj", "{14540942-9971-4DDE-937A-0CA9375A4969}"
EndProject
Project("{FAE04EC0-301F-11D3-BF4B-00C04F79EFBC}") = "BLL", "BLL\BLL.csproj", "{E98BF676-1365-45BA-AACA-BF66130ECEE0}"
EndProject
Project("{FAE04EC0-301F-11D3-BF4B-00C04F79EFBC}") = "Tests", "Tests\Tests.csproj", "{52475FD1-FE1C-479B-849D-008C4766BF3D}"
EndProject
Global
	GlobalSection(SolutionConfigurationPlatforms) = preSolution
		Debug|Any CPU = Debug|Any CPU
		Release|Any CPU = Release|Any CPU
	EndGlobalSection
	GlobalSection(ProjectConfigurationPlatforms) = postSolution
		{30E86F4A-4E40-45DD-A774-CD6F9A3786DD}.Debug|Any CPU.ActiveCfg = Debug|Any CPU
		{30E86F4A-4E40-45DD-A774-CD6F9A3786DD}.Debug|Any CPU.Build.0 = Debug|Any CPU
		{30E86F4A-4E40-45DD-A774-CD6F9A3786DD}.Release|Any CPU.ActiveCfg = Release|Any CPU
		{30E86F4A-4E40-45DD-A774-CD6F9A3786DD}.Release|Any CPU.Build.0 = Release|Any CPU
		{14540942-9971-4DDE-937A-0CA9375A4969}.Debug|Any CPU.ActiveCfg = Debug|Any CPU
		{14540942-9971-4DDE-937A-0CA9375A4969}.Debug|Any CPU.Build.0 = Debug|Any CPU
		{14540942-9971-4DDE-937A-0CA9375A4969}.Release|Any CPU.ActiveCfg = Release|Any CPU
		{14540942-9971-4DDE-937A-0CA9375A4969}.Release|Any CPU.Build.0 = Release|Any CPU
		{E98BF676-1365-45BA-AACA-BF66130ECEE0}.Debug|Any CPU.ActiveCfg = Debug|Any CPU
		{E98BF676-1365-45BA-AACA-BF66130ECEE0}.Debug|Any CPU.Build.0 = Debug|Any CPU
		{E98BF676-1365-45BA-AACA-BF66130ECEE0}.Release|Any CPU.ActiveCfg = Release|Any CPU
		{E98BF676-1365-45BA-AACA-BF66130ECEE0}.Release|Any CPU.Build.0 = Release|Any CPU
		{52475FD1-FE1C-479B-849D-008C4766BF3D}.Debug|Any CPU.ActiveCfg = Debug|Any CPU
		{52475FD1-FE1C-479B-849D-008C4766BF3D}.Debug|Any CPU.Build.0 = Debug|Any CPU
		{52475FD1-FE1C-479B-849D-008C4766BF3D}.Release|Any CPU.ActiveCfg = Release|Any CPU
		{52475FD1-FE1C-479B-849D-008C4766BF3D}.Release|Any CPU.Build.0 = Release|Any CPU
	EndGlobalSection
	GlobalSection(SolutionProperties) = preSolution
		HideSolutionNode = FALSE
	EndGlobalSection
	GlobalSection(ExtensibilityGlobals) = postSolution
		SolutionGuid = {0C8B67D5-B8DA-491A-9F4D-72A7A8FABC8D}
	EndGlobalSection
EndGlobal
